
Microsoft Visual Studio Solution File, Format Version 12.00
# Visual Studio Version 17
VisualStudioVersion = 17.2.32505.173
MinimumVisualStudioVersion = 10.0.40219.1
Project("{FAE04EC0-301F-11D3-BF4B-00C04F79EFBC}") = "GesturesDemo.Android", "GesturesDemo\GesturesDemo.Android\GesturesDemo.Android.csproj", "{6305C782-E7AA-40D0-9E2E-F2EFE4C79BD0}"
EndProject
Project("{FAE04EC0-301F-11D3-BF4B-00C04F79EFBC}") = "GesturesDemo.iOS", "GesturesDemo\GesturesDemo.iOS\GesturesDemo.iOS.csproj", "{3EFADD09-059C-4006-AEFD-2B5D7FBFA969}"
EndProject
Project("{FAE04EC0-301F-11D3-BF4B-00C04F79EFBC}") = "GesturesDemo", "GesturesDemo\GesturesDemo\GesturesDemo.csproj", "{39A9BAB7-51A7-423D-94B0-48EF9FB0BB86}"
EndProject
Global
	GlobalSection(SolutionConfigurationPlatforms) = preSolution
		Debug|Any CPU = Debug|Any CPU
		Debug|iPhone = Debug|iPhone
		Debug|iPhoneSimulator = Debug|iPhoneSimulator
		Release|Any CPU = Release|Any CPU
		Release|iPhone = Release|iPhone
		Release|iPhoneSimulator = Release|iPhoneSimulator
	EndGlobalSection
	GlobalSection(ProjectConfigurationPlatforms) = postSolution
		{6305C782-E7AA-40D0-9E2E-F2EFE4C79BD0}.Debug|Any CPU.ActiveCfg = Debug|Any CPU
		{6305C782-E7AA-40D0-9E2E-F2EFE4C79BD0}.Debug|Any CPU.Build.0 = Debug|Any CPU
		{6305C782-E7AA-40D0-9E2E-F2EFE4C79BD0}.Debug|Any CPU.Deploy.0 = Debug|Any CPU
		{6305C782-E7AA-40D0-9E2E-F2EFE4C79BD0}.Debug|iPhone.ActiveCfg = Debug|Any CPU
		{6305C782-E7AA-40D0-9E2E-F2EFE4C79BD0}.Debug|iPhone.Build.0 = Debug|Any CPU
		{6305C782-E7AA-40D0-9E2E-F2EFE4C79BD0}.Debug|iPhone.Deploy.0 = Debug|Any CPU
		{6305C782-E7AA-40D0-9E2E-F2EFE4C79BD0}.Debug|iPhoneSimulator.ActiveCfg = Debug|Any CPU
		{6305C782-E7AA-40D0-9E2E-F2EFE4C79BD0}.Debug|iPhoneSimulator.Build.0 = Debug|Any CPU
		{6305C782-E7AA-40D0-9E2E-F2EFE4C79BD0}.Debug|iPhoneSimulator.Deploy.0 = Debug|Any CPU
		{6305C782-E7AA-40D0-9E2E-F2EFE4C79BD0}.Release|Any CPU.ActiveCfg = Release|Any CPU
		{6305C782-E7AA-40D0-9E2E-F2EFE4C79BD0}.Release|Any CPU.Build.0 = Release|Any CPU
		{6305C782-E7AA-40D0-9E2E-F2EFE4C79BD0}.Release|Any CPU.Deploy.0 = Release|Any CPU
		{6305C782-E7AA-40D0-9E2E-F2EFE4C79BD0}.Release|iPhone.ActiveCfg = Release|Any CPU
		{6305C782-E7AA-40D0-9E2E-F2EFE4C79BD0}.Release|iPhone.Build.0 = Release|Any CPU
		{6305C782-E7AA-40D0-9E2E-F2EFE4C79BD0}.Release|iPhone.Deploy.0 = Release|Any CPU
		{6305C782-E7AA-40D0-9E2E-F2EFE4C79BD0}.Release|iPhoneSimulator.ActiveCfg = Release|Any CPU
		{6305C782-E7AA-40D0-9E2E-F2EFE4C79BD0}.Release|iPhoneSimulator.Build.0 = Release|Any CPU
		{6305C782-E7AA-40D0-9E2E-F2EFE4C79BD0}.Release|iPhoneSimulator.Deploy.0 = Release|Any CPU
		{3EFADD09-059C-4006-AEFD-2B5D7FBFA969}.Debug|Any CPU.ActiveCfg = Debug|iPhone
		{3EFADD09-059C-4006-AEFD-2B5D7FBFA969}.Debug|Any CPU.Build.0 = Debug|iPhone
		{3EFADD09-059C-4006-AEFD-2B5D7FBFA969}.Debug|Any CPU.Deploy.0 = Debug|iPhone
		{3EFADD09-059C-4006-AEFD-2B5D7FBFA969}.Debug|iPhone.ActiveCfg = Debug|iPhone
		{3EFADD09-059C-4006-AEFD-2B5D7FBFA969}.Debug|iPhone.Build.0 = Debug|iPhone
		{3EFADD09-059C-4006-AEFD-2B5D7FBFA969}.Debug|iPhone.Deploy.0 = Debug|iPhone
		{3EFADD09-059C-4006-AEFD-2B5D7FBFA969}.Debug|iPhoneSimulator.ActiveCfg = Debug|iPhoneSimulator
		{3EFADD09-059C-4006-AEFD-2B5D7FBFA969}.Debug|iPhoneSimulator.Build.0 = Debug|iPhoneSimulator
		{3EFADD09-059C-4006-AEFD-2B5D7FBFA969}.Debug|iPhoneSimulator.Deploy.0 = Debug|iPhoneSimulator
		{3EFADD09-059C-4006-AEFD-2B5D7FBFA969}.Release|Any CPU.ActiveCfg = Release|iPhoneSimulator
		{3EFADD09-059C-4006-AEFD-2B5D7FBFA969}.Release|Any CPU.Build.0 = Release|iPhoneSimulator
		{3EFADD09-059C-4006-AEFD-2B5D7FBFA969}.Release|Any CPU.Deploy.0 = Release|iPhoneSimulator
		{3EFADD09-059C-4006-AEFD-2B5D7FBFA969}.Release|iPhone.ActiveCfg = Release|iPhone
		{3EFADD09-059C-4006-AEFD-2B5D7FBFA969}.Release|iPhone.Build.0 = Release|iPhone
		{3EFADD09-059C-4006-AEFD-2B5D7FBFA969}.Release|iPhone.Deploy.0 = Release|iPhone
		{3EFADD09-059C-4006-AEFD-2B5D7FBFA969}.Release|iPhoneSimulator.ActiveCfg = Release|iPhoneSimulator
		{3EFADD09-059C-4006-AEFD-2B5D7FBFA969}.Release|iPhoneSimulator.Build.0 = Release|iPhoneSimulator
		{3EFADD09-059C-4006-AEFD-2B5D7FBFA969}.Release|iPhoneSimulator.Deploy.0 = Release|iPhoneSimulator
		{39A9BAB7-51A7-423D-94B0-48EF9FB0BB86}.Debug|Any CPU.ActiveCfg = Debug|Any CPU
		{39A9BAB7-51A7-423D-94B0-48EF9FB0BB86}.Debug|Any CPU.Build.0 = Debug|Any CPU
		{39A9BAB7-51A7-423D-94B0-48EF9FB0BB86}.Debug|Any CPU.Deploy.0 = Debug|Any CPU
		{39A9BAB7-51A7-423D-94B0-48EF9FB0BB86}.Debug|iPhone.ActiveCfg = Debug|Any CPU
		{39A9BAB7-51A7-423D-94B0-48EF9FB0BB86}.Debug|iPhone.Build.0 = Debug|Any CPU
		{39A9BAB7-51A7-423D-94B0-48EF9FB0BB86}.Debug|iPhone.Deploy.0 = Debug|Any CPU
		{39A9BAB7-51A7-423D-94B0-48EF9FB0BB86}.Debug|iPhoneSimulator.ActiveCfg = Debug|Any CPU
		{39A9BAB7-51A7-423D-94B0-48EF9FB0BB86}.Debug|iPhoneSimulator.Build.0 = Debug|Any CPU
		{39A9BAB7-51A7-423D-94B0-48EF9FB0BB86}.Debug|iPhoneSimulator.Deploy.0 = Debug|Any CPU
		{39A9BAB7-51A7-423D-94B0-48EF9FB0BB86}.Release|Any CPU.ActiveCfg = Release|Any CPU
		{39A9BAB7-51A7-423D-94B0-48EF9FB0BB86}.Release|Any CPU.Build.0 = Release|Any CPU
		{39A9BAB7-51A7-423D-94B0-48EF9FB0BB86}.Release|Any CPU.Deploy.0 = Release|Any CPU
		{39A9BAB7-51A7-423D-94B0-48EF9FB0BB86}.Release|iPhone.ActiveCfg = Release|Any CPU
		{39A9BAB7-51A7-423D-94B0-48EF9FB0BB86}.Release|iPhone.Build.0 = Release|Any CPU
		{39A9BAB7-51A7-423D-94B0-48EF9FB0BB86}.Release|iPhone.Deploy.0 = Release|Any CPU
		{39A9BAB7-51A7-423D-94B0-48EF9FB0BB86}.Release|iPhoneSimulator.ActiveCfg = Release|Any CPU
		{39A9BAB7-51A7-423D-94B0-48EF9FB0BB86}.Release|iPhoneSimulator.Build.0 = Release|Any CPU
		{39A9BAB7-51A7-423D-94B0-48EF9FB0BB86}.Release|iPhoneSimulator.Deploy.0 = Release|Any CPU
	EndGlobalSection
	GlobalSection(SolutionProperties) = preSolution
		HideSolutionNode = FALSE
	EndGlobalSection
	GlobalSection(ExtensibilityGlobals) = postSolution
		SolutionGuid = {092BF9F7-66EE-465C-A9A5-1E629B860DC1}
	EndGlobalSection
EndGlobal
